
Microsoft Visual Studio Solution File, Format Version 12.00
# Visual Studio Version 17
VisualStudioVersion = 17.0.31903.59
MinimumVisualStudioVersion = 10.0.40219.1
Project("{FAE04EC0-301F-11D3-BF4B-00C04F79EFBC}") = "Parte_1", "Parte_1\Parte_1.csproj", "{B2315795-70C2-45F1-9945-BC1CAE306056}"
EndProject
Project("{FAE04EC0-301F-11D3-BF4B-00C04F79EFBC}") = "rpg", "rpg\rpg.csproj", "{9108A8D7-46E2-4379-B597-E676560A4F7A}"
EndProject
Global
	GlobalSection(SolutionConfigurationPlatforms) = preSolution
		Debug|Any CPU = Debug|Any CPU
		Release|Any CPU = Release|Any CPU
	EndGlobalSection
	GlobalSection(SolutionProperties) = preSolution
		HideSolutionNode = FALSE
	EndGlobalSection
	GlobalSection(ProjectConfigurationPlatforms) = postSolution
		{B2315795-70C2-45F1-9945-BC1CAE306056}.Debug|Any CPU.ActiveCfg = Debug|Any CPU
		{B2315795-70C2-45F1-9945-BC1CAE306056}.Debug|Any CPU.Build.0 = Debug|Any CPU
		{B2315795-70C2-45F1-9945-BC1CAE306056}.Release|Any CPU.ActiveCfg = Release|Any CPU
		{B2315795-70C2-45F1-9945-BC1CAE306056}.Release|Any CPU.Build.0 = Release|Any CPU
		{9108A8D7-46E2-4379-B597-E676560A4F7A}.Debug|Any CPU.ActiveCfg = Debug|Any CPU
		{9108A8D7-46E2-4379-B597-E676560A4F7A}.Debug|Any CPU.Build.0 = Debug|Any CPU
		{9108A8D7-46E2-4379-B597-E676560A4F7A}.Release|Any CPU.ActiveCfg = Release|Any CPU
		{9108A8D7-46E2-4379-B597-E676560A4F7A}.Release|Any CPU.Build.0 = Release|Any CPU
	EndGlobalSection
EndGlobal
